
Microsoft Visual Studio Solution File, Format Version 12.00
Project("{2150E333-8FDC-42A3-9474-1A3956D46DE8}") = "src", "src", "{B9439E74-28D5-4C5A-8BC4-41C5E3B93B8C}"
EndProject
Project("{2150E333-8FDC-42A3-9474-1A3956D46DE8}") = "Core", "Core", "{8F01325B-11D0-42C5-A259-BEE049E24B5D}"
EndProject
Project("{2150E333-8FDC-42A3-9474-1A3956D46DE8}") = "API", "API", "{62F69700-BC83-4030-A3D1-2AC4D65A92E4}"
EndProject
Project("{2150E333-8FDC-42A3-9474-1A3956D46DE8}") = "Persistences", "Persistences", "{CF75E932-EDEA-4116-8B17-8017E743357E}"
EndProject
Project("{FAE04EC0-301F-11D3-BF4B-00C04F79EFBC}") = "WebApi.Domain", "WebApi.Domain\WebApi.Domain.csproj", "{95D1076E-D38B-4D43-B0C8-3AFDB9BB02CB}"
EndProject
Project("{FAE04EC0-301F-11D3-BF4B-00C04F79EFBC}") = "WebApi.Application", "WebApi.Application\WebApi.Application.csproj", "{48BB6D13-FFD9-4068-BE6E-5CF5243DDE03}"
EndProject
Project("{FAE04EC0-301F-11D3-BF4B-00C04F79EFBC}") = "WebApi.Persistence", "WebApi.Persistence\WebApi.Persistence.csproj", "{821C660D-B770-4494-898A-CEF0811224F1}"
EndProject
Project("{FAE04EC0-301F-11D3-BF4B-00C04F79EFBC}") = "WebApi.Api", "WebApi.Api\WebApi.Api.csproj", "{05D029FB-AC02-4295-8C0D-41AA73B4473F}"
EndProject
Project("{2150E333-8FDC-42A3-9474-1A3956D46DE8}") = "tests", "tests", "{807C2065-ACC4-462E-BE32-4D7330426505}"
EndProject
Project("{FAE04EC0-301F-11D3-BF4B-00C04F79EFBC}") = "WebApi.Tests", "WebApi.Tests\WebApi.Tests.csproj", "{7547B574-99D6-400B-B183-5857F7BBFBBE}"
EndProject
Global
	GlobalSection(SolutionConfigurationPlatforms) = preSolution
		Debug|Any CPU = Debug|Any CPU
		Release|Any CPU = Release|Any CPU
	EndGlobalSection
	GlobalSection(NestedProjects) = preSolution
		{8F01325B-11D0-42C5-A259-BEE049E24B5D} = {B9439E74-28D5-4C5A-8BC4-41C5E3B93B8C}
		{62F69700-BC83-4030-A3D1-2AC4D65A92E4} = {B9439E74-28D5-4C5A-8BC4-41C5E3B93B8C}
		{CF75E932-EDEA-4116-8B17-8017E743357E} = {B9439E74-28D5-4C5A-8BC4-41C5E3B93B8C}
		{95D1076E-D38B-4D43-B0C8-3AFDB9BB02CB} = {8F01325B-11D0-42C5-A259-BEE049E24B5D}
		{48BB6D13-FFD9-4068-BE6E-5CF5243DDE03} = {8F01325B-11D0-42C5-A259-BEE049E24B5D}
		{821C660D-B770-4494-898A-CEF0811224F1} = {CF75E932-EDEA-4116-8B17-8017E743357E}
		{05D029FB-AC02-4295-8C0D-41AA73B4473F} = {62F69700-BC83-4030-A3D1-2AC4D65A92E4}
		{7547B574-99D6-400B-B183-5857F7BBFBBE} = {807C2065-ACC4-462E-BE32-4D7330426505}
	EndGlobalSection
	GlobalSection(ProjectConfigurationPlatforms) = postSolution
		{95D1076E-D38B-4D43-B0C8-3AFDB9BB02CB}.Debug|Any CPU.ActiveCfg = Debug|Any CPU
		{95D1076E-D38B-4D43-B0C8-3AFDB9BB02CB}.Debug|Any CPU.Build.0 = Debug|Any CPU
		{95D1076E-D38B-4D43-B0C8-3AFDB9BB02CB}.Release|Any CPU.ActiveCfg = Release|Any CPU
		{95D1076E-D38B-4D43-B0C8-3AFDB9BB02CB}.Release|Any CPU.Build.0 = Release|Any CPU
		{48BB6D13-FFD9-4068-BE6E-5CF5243DDE03}.Debug|Any CPU.ActiveCfg = Debug|Any CPU
		{48BB6D13-FFD9-4068-BE6E-5CF5243DDE03}.Debug|Any CPU.Build.0 = Debug|Any CPU
		{48BB6D13-FFD9-4068-BE6E-5CF5243DDE03}.Release|Any CPU.ActiveCfg = Release|Any CPU
		{48BB6D13-FFD9-4068-BE6E-5CF5243DDE03}.Release|Any CPU.Build.0 = Release|Any CPU
		{821C660D-B770-4494-898A-CEF0811224F1}.Debug|Any CPU.ActiveCfg = Debug|Any CPU
		{821C660D-B770-4494-898A-CEF0811224F1}.Debug|Any CPU.Build.0 = Debug|Any CPU
		{821C660D-B770-4494-898A-CEF0811224F1}.Release|Any CPU.ActiveCfg = Release|Any CPU
		{821C660D-B770-4494-898A-CEF0811224F1}.Release|Any CPU.Build.0 = Release|Any CPU
		{05D029FB-AC02-4295-8C0D-41AA73B4473F}.Debug|Any CPU.ActiveCfg = Debug|Any CPU
		{05D029FB-AC02-4295-8C0D-41AA73B4473F}.Debug|Any CPU.Build.0 = Debug|Any CPU
		{05D029FB-AC02-4295-8C0D-41AA73B4473F}.Release|Any CPU.ActiveCfg = Release|Any CPU
		{05D029FB-AC02-4295-8C0D-41AA73B4473F}.Release|Any CPU.Build.0 = Release|Any CPU
		{7547B574-99D6-400B-B183-5857F7BBFBBE}.Debug|Any CPU.ActiveCfg = Debug|Any CPU
		{7547B574-99D6-400B-B183-5857F7BBFBBE}.Debug|Any CPU.Build.0 = Debug|Any CPU
		{7547B574-99D6-400B-B183-5857F7BBFBBE}.Release|Any CPU.ActiveCfg = Release|Any CPU
		{7547B574-99D6-400B-B183-5857F7BBFBBE}.Release|Any CPU.Build.0 = Release|Any CPU
	EndGlobalSection
EndGlobal
